{
  "name": "fracture",
  "version": "0.0.1",
  "lockfileVersion": 3,
  "requires": true,
  "packages": {
    "": {
      "name": "fracture",
      "version": "0.0.1",
      "license": "UNLICENSED",
      "dependencies": {
        "babylonjs": "^5.52.0"
      }
    },
    "node_modules/babylonjs": {
      "version": "5.52.0",
      "resolved": "https://registry.npmjs.org/babylonjs/-/babylonjs-5.52.0.tgz",
      "integrity": "sha512-QKOf46CUpU+ypt6HI0uM16pZLwjaF95jM+1jx8PXjaOAZ6qh05YLl9HOFNDq9M1op2NEbWI1V8yql/ZeCO0LuQ==",
      "hasInstallScript": true
    }
  }
}
